<Solution>
  <Project Path="Learnitallandroid1/Learnitallandroid1.csproj">
    <Deploy Solution="Debug|*" />
  </Project>
  <Project Path="LogicLibrary1/LogicLibrary1.csproj" Id="ed8168af-945f-47c1-a6d5-aeb423b3e92b" />
  <Project Path="TestProject1/TestProject1.csproj" Id="fc9e72d6-79b3-4b5e-8ed0-3b7840bf55dc" />
  <Project Path="ToolsLib1/ToolsLib1.csproj" Id="c646a0cb-05e9-4aee-a15d-9bd2a7abfba2" />
</Solution>
